
Microsoft Visual Studio Solution File, Format Version 12.00
# Visual Studio Version 17
VisualStudioVersion = 17.2.32630.192
MinimumVisualStudioVersion = 10.0.40219.1
Project("{9A19103F-16F7-4668-BE54-9A1E7A4F7556}") = "KaneKirwanAutoClicker", "KaneKirwanAutoClicker\KaneKirwanAutoClicker.csproj", "{A441ECE7-3FB2-4CC2-93F1-A571DE040F01}"
EndProject
Global
	GlobalSection(SolutionConfigurationPlatforms) = preSolution
		Debug|Any CPU = Debug|Any CPU
		Release|Any CPU = Release|Any CPU
	EndGlobalSection
	GlobalSection(ProjectConfigurationPlatforms) = postSolution
		{A441ECE7-3FB2-4CC2-93F1-A571DE040F01}.Debug|Any CPU.ActiveCfg = Debug|Any CPU
		{A441ECE7-3FB2-4CC2-93F1-A571DE040F01}.Debug|Any CPU.Build.0 = Debug|Any CPU
		{A441ECE7-3FB2-4CC2-93F1-A571DE040F01}.Release|Any CPU.ActiveCfg = Release|Any CPU
		{A441ECE7-3FB2-4CC2-93F1-A571DE040F01}.Release|Any CPU.Build.0 = Release|Any CPU
	EndGlobalSection
	GlobalSection(SolutionProperties) = preSolution
		HideSolutionNode = FALSE
	EndGlobalSection
	GlobalSection(ExtensibilityGlobals) = postSolution
		SolutionGuid = {8E4B62E6-D4D5-4BAA-A29A-C97D66AC5763}
	EndGlobalSection
EndGlobal
